{
  "name": "examples",
  "version": "1.0.0",
  "lockfileVersion": 2,
  "requires": true,
  "packages": {
    "": {
      "name": "examples",
      "version": "1.0.0",
      "license": "ISC",
      "dependencies": {
        "@opweb3/ethcontracts": "^1.1.4"
      }
    },
    "node_modules/@opweb3/ethcontracts": {
      "version": "1.1.4",
      "resolved": "https://registry.npmjs.org/@opweb3/ethcontracts/-/ethcontracts-1.1.4.tgz",
      "integrity": "sha512-QYaM9Qf6xVqRqCwSD2rsZCNMvcmCtpmNdw5YaU3M5wgCh0PTOAiMmuUtiw8lP8K84nqFZN178OLig+vcv0QpcA=="
    }
  },
  "dependencies": {
    "@opweb3/ethcontracts": {
      "version": "1.1.4",
      "resolved": "https://registry.npmjs.org/@opweb3/ethcontracts/-/ethcontracts-1.1.4.tgz",
      "integrity": "sha512-QYaM9Qf6xVqRqCwSD2rsZCNMvcmCtpmNdw5YaU3M5wgCh0PTOAiMmuUtiw8lP8K84nqFZN178OLig+vcv0QpcA=="
    }
  }
}
